
Microsoft Visual Studio Solution File, Format Version 12.00
# Visual Studio Version 16
VisualStudioVersion = 16.0.30104.148
MinimumVisualStudioVersion = 10.0.40219.1
Project("{FAE04EC0-301F-11D3-BF4B-00C04F79EFBC}") = "GetiOSModel", "GetiOSModel\GetiOSModel.csproj", "{B5226EB0-0E82-432C-84F2-2216F4AC466E}"
EndProject
Project("{FAE04EC0-301F-11D3-BF4B-00C04F79EFBC}") = "BasicTests", "BasicTests\BasicTests.csproj", "{22291C18-FC28-4ED0-AE42-E591A148648A}"
EndProject
Global
	GlobalSection(SolutionConfigurationPlatforms) = preSolution
		Debug|Any CPU = Debug|Any CPU
		Release|Any CPU = Release|Any CPU
	EndGlobalSection
	GlobalSection(ProjectConfigurationPlatforms) = postSolution
		{B5226EB0-0E82-432C-84F2-2216F4AC466E}.Debug|Any CPU.ActiveCfg = Debug|Any CPU
		{B5226EB0-0E82-432C-84F2-2216F4AC466E}.Debug|Any CPU.Build.0 = Debug|Any CPU
		{B5226EB0-0E82-432C-84F2-2216F4AC466E}.Release|Any CPU.ActiveCfg = Release|Any CPU
		{B5226EB0-0E82-432C-84F2-2216F4AC466E}.Release|Any CPU.Build.0 = Release|Any CPU
		{22291C18-FC28-4ED0-AE42-E591A148648A}.Debug|Any CPU.ActiveCfg = Debug|Any CPU
		{22291C18-FC28-4ED0-AE42-E591A148648A}.Debug|Any CPU.Build.0 = Debug|Any CPU
		{22291C18-FC28-4ED0-AE42-E591A148648A}.Release|Any CPU.ActiveCfg = Release|Any CPU
		{22291C18-FC28-4ED0-AE42-E591A148648A}.Release|Any CPU.Build.0 = Release|Any CPU
	EndGlobalSection
	GlobalSection(SolutionProperties) = preSolution
		HideSolutionNode = FALSE
	EndGlobalSection
	GlobalSection(ExtensibilityGlobals) = postSolution
		SolutionGuid = {99B4AFAF-F88C-41A9-9230-166BC30879AE}
	EndGlobalSection
EndGlobal
